
Microsoft Visual Studio Solution File, Format Version 12.00
# Visual Studio Version 17
VisualStudioVersion = 17.0.31612.314
MinimumVisualStudioVersion = 10.0.40219.1
Project("{9A19103F-16F7-4668-BE54-9A1E7A4F7556}") = "EnumerableMethod", "EnumerableMethod\EnumerableMethod.csproj", "{52349B69-058A-4F45-81C8-B5252065BE68}"
EndProject
Project("{9A19103F-16F7-4668-BE54-9A1E7A4F7556}") = "EnumeratorMethod", "EnumeratorMethod\EnumeratorMethod.csproj", "{582B0AF0-32EB-44D0-AF14-CF22175DC559}"
EndProject
Project("{9A19103F-16F7-4668-BE54-9A1E7A4F7556}") = "EnumerableClass", "EnumerableClass\EnumerableClass.csproj", "{A7A07011-A10D-43D8-8CB4-20E790AD3538}"
EndProject
Project("{9A19103F-16F7-4668-BE54-9A1E7A4F7556}") = "EnumerableGenericMethod", "EnumerableGeneric\EnumerableGenericMethod.csproj", "{E787555B-9AB1-484B-BAE7-C6F6A2425BC0}"
EndProject
Project("{9A19103F-16F7-4668-BE54-9A1E7A4F7556}") = "EnumerableGenericClass", "EnumerableGenericClass\EnumerableGenericClass.csproj", "{957823DC-21CD-4722-8A6B-BFFB1EAE6FC7}"
EndProject
Project("{9A19103F-16F7-4668-BE54-9A1E7A4F7556}") = "TupleTypes", "TupleTypes\TupleTypes.csproj", "{8EA62D99-998D-4308-A48A-6AC1579B87FE}"
EndProject
Project("{FAE04EC0-301F-11D3-BF4B-00C04F79EFBC}") = "Speech", "Speech\Speech.csproj", "{0EBD5CE2-BDC5-43F8-BFDD-515567C866FC}"
EndProject
Project("{9A19103F-16F7-4668-BE54-9A1E7A4F7556}") = "CircularList", "CircularList\CircularList.csproj", "{101FE78E-2303-45E4-8900-6D51D7A4B395}"
EndProject
Project("{9A19103F-16F7-4668-BE54-9A1E7A4F7556}") = "CircularArray", "CircularArray\CircularArray.csproj", "{5D9BD7AC-B261-4018-B30C-E743595A28FF}"
EndProject
Project("{9A19103F-16F7-4668-BE54-9A1E7A4F7556}") = "EventHandler", "EventHandler\EventHandler.csproj", "{AA766251-947A-4601-9869-299090DE3145}"
EndProject
Project("{9A19103F-16F7-4668-BE54-9A1E7A4F7556}") = "EventHandlerGeneric", "EventHandlerGeneric\EventHandlerGeneric.csproj", "{607043AC-F342-4A0E-8A0A-7323B5CF33D7}"
EndProject
Project("{9A19103F-16F7-4668-BE54-9A1E7A4F7556}") = "BitwiseOperations", "BitwiseOperations\BitwiseOperations.csproj", "{180577D0-DDB7-44F0-BBEE-AD3716106E28}"
EndProject
Project("{9A19103F-16F7-4668-BE54-9A1E7A4F7556}") = "Flags", "Flags\Flags.csproj", "{BC082B46-1D56-4CE7-BAB2-0CECC0BD8EA4}"
EndProject
Project("{9A19103F-16F7-4668-BE54-9A1E7A4F7556}") = "BitsCount", "BitsCount\BitsCount.csproj", "{C25BA619-52FF-45B9-BB3D-056C4A0BF04E}"
EndProject
Project("{9A19103F-16F7-4668-BE54-9A1E7A4F7556}") = "EnumerableEnumeratorClass", "EnumerableEnumeratorClass\EnumerableEnumeratorClass.csproj", "{A9977DBA-D069-4B43-8C04-E7D07B9922E0}"
EndProject
Project("{9A19103F-16F7-4668-BE54-9A1E7A4F7556}") = "Security", "Security\Security.csproj", "{51215491-B680-448C-ACAD-E03E7EE34ADE}"
EndProject
Global
	GlobalSection(SolutionConfigurationPlatforms) = preSolution
		Debug|Any CPU = Debug|Any CPU
		Release|Any CPU = Release|Any CPU
	EndGlobalSection
	GlobalSection(ProjectConfigurationPlatforms) = postSolution
		{52349B69-058A-4F45-81C8-B5252065BE68}.Debug|Any CPU.ActiveCfg = Debug|Any CPU
		{52349B69-058A-4F45-81C8-B5252065BE68}.Debug|Any CPU.Build.0 = Debug|Any CPU
		{52349B69-058A-4F45-81C8-B5252065BE68}.Release|Any CPU.ActiveCfg = Release|Any CPU
		{52349B69-058A-4F45-81C8-B5252065BE68}.Release|Any CPU.Build.0 = Release|Any CPU
		{582B0AF0-32EB-44D0-AF14-CF22175DC559}.Debug|Any CPU.ActiveCfg = Debug|Any CPU
		{582B0AF0-32EB-44D0-AF14-CF22175DC559}.Debug|Any CPU.Build.0 = Debug|Any CPU
		{582B0AF0-32EB-44D0-AF14-CF22175DC559}.Release|Any CPU.ActiveCfg = Release|Any CPU
		{582B0AF0-32EB-44D0-AF14-CF22175DC559}.Release|Any CPU.Build.0 = Release|Any CPU
		{A7A07011-A10D-43D8-8CB4-20E790AD3538}.Debug|Any CPU.ActiveCfg = Debug|Any CPU
		{A7A07011-A10D-43D8-8CB4-20E790AD3538}.Debug|Any CPU.Build.0 = Debug|Any CPU
		{A7A07011-A10D-43D8-8CB4-20E790AD3538}.Release|Any CPU.ActiveCfg = Release|Any CPU
		{A7A07011-A10D-43D8-8CB4-20E790AD3538}.Release|Any CPU.Build.0 = Release|Any CPU
		{E787555B-9AB1-484B-BAE7-C6F6A2425BC0}.Debug|Any CPU.ActiveCfg = Debug|Any CPU
		{E787555B-9AB1-484B-BAE7-C6F6A2425BC0}.Debug|Any CPU.Build.0 = Debug|Any CPU
		{E787555B-9AB1-484B-BAE7-C6F6A2425BC0}.Release|Any CPU.ActiveCfg = Release|Any CPU
		{E787555B-9AB1-484B-BAE7-C6F6A2425BC0}.Release|Any CPU.Build.0 = Release|Any CPU
		{957823DC-21CD-4722-8A6B-BFFB1EAE6FC7}.Debug|Any CPU.ActiveCfg = Debug|Any CPU
		{957823DC-21CD-4722-8A6B-BFFB1EAE6FC7}.Debug|Any CPU.Build.0 = Debug|Any CPU
		{957823DC-21CD-4722-8A6B-BFFB1EAE6FC7}.Release|Any CPU.ActiveCfg = Release|Any CPU
		{957823DC-21CD-4722-8A6B-BFFB1EAE6FC7}.Release|Any CPU.Build.0 = Release|Any CPU
		{8EA62D99-998D-4308-A48A-6AC1579B87FE}.Debug|Any CPU.ActiveCfg = Debug|Any CPU
		{8EA62D99-998D-4308-A48A-6AC1579B87FE}.Debug|Any CPU.Build.0 = Debug|Any CPU
		{8EA62D99-998D-4308-A48A-6AC1579B87FE}.Release|Any CPU.ActiveCfg = Release|Any CPU
		{8EA62D99-998D-4308-A48A-6AC1579B87FE}.Release|Any CPU.Build.0 = Release|Any CPU
		{0EBD5CE2-BDC5-43F8-BFDD-515567C866FC}.Debug|Any CPU.ActiveCfg = Debug|Any CPU
		{0EBD5CE2-BDC5-43F8-BFDD-515567C866FC}.Debug|Any CPU.Build.0 = Debug|Any CPU
		{0EBD5CE2-BDC5-43F8-BFDD-515567C866FC}.Release|Any CPU.ActiveCfg = Release|Any CPU
		{0EBD5CE2-BDC5-43F8-BFDD-515567C866FC}.Release|Any CPU.Build.0 = Release|Any CPU
		{101FE78E-2303-45E4-8900-6D51D7A4B395}.Debug|Any CPU.ActiveCfg = Debug|Any CPU
		{101FE78E-2303-45E4-8900-6D51D7A4B395}.Debug|Any CPU.Build.0 = Debug|Any CPU
		{101FE78E-2303-45E4-8900-6D51D7A4B395}.Release|Any CPU.ActiveCfg = Release|Any CPU
		{101FE78E-2303-45E4-8900-6D51D7A4B395}.Release|Any CPU.Build.0 = Release|Any CPU
		{5D9BD7AC-B261-4018-B30C-E743595A28FF}.Debug|Any CPU.ActiveCfg = Debug|Any CPU
		{5D9BD7AC-B261-4018-B30C-E743595A28FF}.Debug|Any CPU.Build.0 = Debug|Any CPU
		{5D9BD7AC-B261-4018-B30C-E743595A28FF}.Release|Any CPU.ActiveCfg = Release|Any CPU
		{5D9BD7AC-B261-4018-B30C-E743595A28FF}.Release|Any CPU.Build.0 = Release|Any CPU
		{AA766251-947A-4601-9869-299090DE3145}.Debug|Any CPU.ActiveCfg = Debug|Any CPU
		{AA766251-947A-4601-9869-299090DE3145}.Debug|Any CPU.Build.0 = Debug|Any CPU
		{AA766251-947A-4601-9869-299090DE3145}.Release|Any CPU.ActiveCfg = Release|Any CPU
		{AA766251-947A-4601-9869-299090DE3145}.Release|Any CPU.Build.0 = Release|Any CPU
		{607043AC-F342-4A0E-8A0A-7323B5CF33D7}.Debug|Any CPU.ActiveCfg = Debug|Any CPU
		{607043AC-F342-4A0E-8A0A-7323B5CF33D7}.Debug|Any CPU.Build.0 = Debug|Any CPU
		{607043AC-F342-4A0E-8A0A-7323B5CF33D7}.Release|Any CPU.ActiveCfg = Release|Any CPU
		{607043AC-F342-4A0E-8A0A-7323B5CF33D7}.Release|Any CPU.Build.0 = Release|Any CPU
		{180577D0-DDB7-44F0-BBEE-AD3716106E28}.Debug|Any CPU.ActiveCfg = Debug|Any CPU
		{180577D0-DDB7-44F0-BBEE-AD3716106E28}.Debug|Any CPU.Build.0 = Debug|Any CPU
		{180577D0-DDB7-44F0-BBEE-AD3716106E28}.Release|Any CPU.ActiveCfg = Release|Any CPU
		{180577D0-DDB7-44F0-BBEE-AD3716106E28}.Release|Any CPU.Build.0 = Release|Any CPU
		{BC082B46-1D56-4CE7-BAB2-0CECC0BD8EA4}.Debug|Any CPU.ActiveCfg = Debug|Any CPU
		{BC082B46-1D56-4CE7-BAB2-0CECC0BD8EA4}.Debug|Any CPU.Build.0 = Debug|Any CPU
		{BC082B46-1D56-4CE7-BAB2-0CECC0BD8EA4}.Release|Any CPU.ActiveCfg = Release|Any CPU
		{BC082B46-1D56-4CE7-BAB2-0CECC0BD8EA4}.Release|Any CPU.Build.0 = Release|Any CPU
		{C25BA619-52FF-45B9-BB3D-056C4A0BF04E}.Debug|Any CPU.ActiveCfg = Debug|Any CPU
		{C25BA619-52FF-45B9-BB3D-056C4A0BF04E}.Debug|Any CPU.Build.0 = Debug|Any CPU
		{C25BA619-52FF-45B9-BB3D-056C4A0BF04E}.Release|Any CPU.ActiveCfg = Release|Any CPU
		{C25BA619-52FF-45B9-BB3D-056C4A0BF04E}.Release|Any CPU.Build.0 = Release|Any CPU
		{A9977DBA-D069-4B43-8C04-E7D07B9922E0}.Debug|Any CPU.ActiveCfg = Debug|Any CPU
		{A9977DBA-D069-4B43-8C04-E7D07B9922E0}.Debug|Any CPU.Build.0 = Debug|Any CPU
		{A9977DBA-D069-4B43-8C04-E7D07B9922E0}.Release|Any CPU.ActiveCfg = Release|Any CPU
		{A9977DBA-D069-4B43-8C04-E7D07B9922E0}.Release|Any CPU.Build.0 = Release|Any CPU
		{51215491-B680-448C-ACAD-E03E7EE34ADE}.Debug|Any CPU.ActiveCfg = Debug|Any CPU
		{51215491-B680-448C-ACAD-E03E7EE34ADE}.Debug|Any CPU.Build.0 = Debug|Any CPU
		{51215491-B680-448C-ACAD-E03E7EE34ADE}.Release|Any CPU.ActiveCfg = Release|Any CPU
		{51215491-B680-448C-ACAD-E03E7EE34ADE}.Release|Any CPU.Build.0 = Release|Any CPU
	EndGlobalSection
	GlobalSection(SolutionProperties) = preSolution
		HideSolutionNode = FALSE
	EndGlobalSection
	GlobalSection(ExtensibilityGlobals) = postSolution
		SolutionGuid = {24EB8DA6-B433-4687-8F49-CF4A61E62C77}
	EndGlobalSection
EndGlobal
