
Microsoft Visual Studio Solution File, Format Version 12.00
# Visual Studio Version 17
VisualStudioVersion = 17.0.31612.314
MinimumVisualStudioVersion = 10.0.40219.1
Project("{9A19103F-16F7-4668-BE54-9A1E7A4F7556}") = "EnumerableMethod", "EnumerableMethod\EnumerableMethod.csproj", "{52349B69-058A-4F45-81C8-B5252065BE68}"
EndProject
Project("{9A19103F-16F7-4668-BE54-9A1E7A4F7556}") = "EnumeratorMethod", "EnumeratorMethod\EnumeratorMethod.csproj", "{582B0AF0-32EB-44D0-AF14-CF22175DC559}"
EndProject
Project("{9A19103F-16F7-4668-BE54-9A1E7A4F7556}") = "EnumerableClass", "EnumerableClass\EnumerableClass.csproj", "{A7A07011-A10D-43D8-8CB4-20E790AD3538}"
EndProject
Project("{9A19103F-16F7-4668-BE54-9A1E7A4F7556}") = "EnumeramleEnumeratorClass", "EnumeramleEnumeratorClass\EnumeramleEnumeratorClass.csproj", "{F9D068C7-659B-403E-8D95-B0E9AC3671B5}"
EndProject
Project("{9A19103F-16F7-4668-BE54-9A1E7A4F7556}") = "EnumerableGenericMethod", "EnumerableGeneric\EnumerableGenericMethod.csproj", "{E787555B-9AB1-484B-BAE7-C6F6A2425BC0}"
EndProject
Project("{9A19103F-16F7-4668-BE54-9A1E7A4F7556}") = "EnumerableGenericClass", "EnumerableGenericClass\EnumerableGenericClass.csproj", "{957823DC-21CD-4722-8A6B-BFFB1EAE6FC7}"
EndProject
Project("{9A19103F-16F7-4668-BE54-9A1E7A4F7556}") = "TupleTypes", "TupleTypes\TupleTypes.csproj", "{8EA62D99-998D-4308-A48A-6AC1579B87FE}"
EndProject
Project("{FAE04EC0-301F-11D3-BF4B-00C04F79EFBC}") = "Speech", "Speech\Speech.csproj", "{0EBD5CE2-BDC5-43F8-BFDD-515567C866FC}"
EndProject
Project("{9A19103F-16F7-4668-BE54-9A1E7A4F7556}") = "CircularList", "CircularList\CircularList.csproj", "{101FE78E-2303-45E4-8900-6D51D7A4B395}"
EndProject
Project("{9A19103F-16F7-4668-BE54-9A1E7A4F7556}") = "CircularArray", "CircularArray\CircularArray.csproj", "{5D9BD7AC-B261-4018-B30C-E743595A28FF}"
EndProject
Global
	GlobalSection(SolutionConfigurationPlatforms) = preSolution
		Debug|Any CPU = Debug|Any CPU
		Release|Any CPU = Release|Any CPU
	EndGlobalSection
	GlobalSection(ProjectConfigurationPlatforms) = postSolution
		{52349B69-058A-4F45-81C8-B5252065BE68}.Debug|Any CPU.ActiveCfg = Debug|Any CPU
		{52349B69-058A-4F45-81C8-B5252065BE68}.Debug|Any CPU.Build.0 = Debug|Any CPU
		{52349B69-058A-4F45-81C8-B5252065BE68}.Release|Any CPU.ActiveCfg = Release|Any CPU
		{52349B69-058A-4F45-81C8-B5252065BE68}.Release|Any CPU.Build.0 = Release|Any CPU
		{582B0AF0-32EB-44D0-AF14-CF22175DC559}.Debug|Any CPU.ActiveCfg = Debug|Any CPU
		{582B0AF0-32EB-44D0-AF14-CF22175DC559}.Debug|Any CPU.Build.0 = Debug|Any CPU
		{582B0AF0-32EB-44D0-AF14-CF22175DC559}.Release|Any CPU.ActiveCfg = Release|Any CPU
		{582B0AF0-32EB-44D0-AF14-CF22175DC559}.Release|Any CPU.Build.0 = Release|Any CPU
		{A7A07011-A10D-43D8-8CB4-20E790AD3538}.Debug|Any CPU.ActiveCfg = Debug|Any CPU
		{A7A07011-A10D-43D8-8CB4-20E790AD3538}.Debug|Any CPU.Build.0 = Debug|Any CPU
		{A7A07011-A10D-43D8-8CB4-20E790AD3538}.Release|Any CPU.ActiveCfg = Release|Any CPU
		{A7A07011-A10D-43D8-8CB4-20E790AD3538}.Release|Any CPU.Build.0 = Release|Any CPU
		{F9D068C7-659B-403E-8D95-B0E9AC3671B5}.Debug|Any CPU.ActiveCfg = Debug|Any CPU
		{F9D068C7-659B-403E-8D95-B0E9AC3671B5}.Debug|Any CPU.Build.0 = Debug|Any CPU
		{F9D068C7-659B-403E-8D95-B0E9AC3671B5}.Release|Any CPU.ActiveCfg = Release|Any CPU
		{F9D068C7-659B-403E-8D95-B0E9AC3671B5}.Release|Any CPU.Build.0 = Release|Any CPU
		{E787555B-9AB1-484B-BAE7-C6F6A2425BC0}.Debug|Any CPU.ActiveCfg = Debug|Any CPU
		{E787555B-9AB1-484B-BAE7-C6F6A2425BC0}.Debug|Any CPU.Build.0 = Debug|Any CPU
		{E787555B-9AB1-484B-BAE7-C6F6A2425BC0}.Release|Any CPU.ActiveCfg = Release|Any CPU
		{E787555B-9AB1-484B-BAE7-C6F6A2425BC0}.Release|Any CPU.Build.0 = Release|Any CPU
		{957823DC-21CD-4722-8A6B-BFFB1EAE6FC7}.Debug|Any CPU.ActiveCfg = Debug|Any CPU
		{957823DC-21CD-4722-8A6B-BFFB1EAE6FC7}.Debug|Any CPU.Build.0 = Debug|Any CPU
		{957823DC-21CD-4722-8A6B-BFFB1EAE6FC7}.Release|Any CPU.ActiveCfg = Release|Any CPU
		{957823DC-21CD-4722-8A6B-BFFB1EAE6FC7}.Release|Any CPU.Build.0 = Release|Any CPU
		{8EA62D99-998D-4308-A48A-6AC1579B87FE}.Debug|Any CPU.ActiveCfg = Debug|Any CPU
		{8EA62D99-998D-4308-A48A-6AC1579B87FE}.Debug|Any CPU.Build.0 = Debug|Any CPU
		{8EA62D99-998D-4308-A48A-6AC1579B87FE}.Release|Any CPU.ActiveCfg = Release|Any CPU
		{8EA62D99-998D-4308-A48A-6AC1579B87FE}.Release|Any CPU.Build.0 = Release|Any CPU
		{0EBD5CE2-BDC5-43F8-BFDD-515567C866FC}.Debug|Any CPU.ActiveCfg = Debug|Any CPU
		{0EBD5CE2-BDC5-43F8-BFDD-515567C866FC}.Debug|Any CPU.Build.0 = Debug|Any CPU
		{0EBD5CE2-BDC5-43F8-BFDD-515567C866FC}.Release|Any CPU.ActiveCfg = Release|Any CPU
		{0EBD5CE2-BDC5-43F8-BFDD-515567C866FC}.Release|Any CPU.Build.0 = Release|Any CPU
		{101FE78E-2303-45E4-8900-6D51D7A4B395}.Debug|Any CPU.ActiveCfg = Debug|Any CPU
		{101FE78E-2303-45E4-8900-6D51D7A4B395}.Debug|Any CPU.Build.0 = Debug|Any CPU
		{101FE78E-2303-45E4-8900-6D51D7A4B395}.Release|Any CPU.ActiveCfg = Release|Any CPU
		{101FE78E-2303-45E4-8900-6D51D7A4B395}.Release|Any CPU.Build.0 = Release|Any CPU
		{5D9BD7AC-B261-4018-B30C-E743595A28FF}.Debug|Any CPU.ActiveCfg = Debug|Any CPU
		{5D9BD7AC-B261-4018-B30C-E743595A28FF}.Debug|Any CPU.Build.0 = Debug|Any CPU
		{5D9BD7AC-B261-4018-B30C-E743595A28FF}.Release|Any CPU.ActiveCfg = Release|Any CPU
		{5D9BD7AC-B261-4018-B30C-E743595A28FF}.Release|Any CPU.Build.0 = Release|Any CPU
	EndGlobalSection
	GlobalSection(SolutionProperties) = preSolution
		HideSolutionNode = FALSE
	EndGlobalSection
	GlobalSection(ExtensibilityGlobals) = postSolution
		SolutionGuid = {24EB8DA6-B433-4687-8F49-CF4A61E62C77}
	EndGlobalSection
EndGlobal
